// !$*UTF8*$!
{
	archiveVersion = 1;
	classes = {
	};
	objectVersion = 55;
	objects = {

/* Begin PBXBuildFile section */
		AC745E81279C53D800D94CD9 /* RestService.swift in Sources */ = {isa = PBXBuildFile; fileRef = AC745E80279C53D800D94CD9 /* RestService.swift */; };
		AC745E84279C540400D94CD9 /* Constans.swift in Sources */ = {isa = PBXBuildFile; fileRef = AC745E83279C540400D94CD9 /* Constans.swift */; };
		AC745E87279C5B1600D94CD9 /* Alamofire in Frameworks */ = {isa = PBXBuildFile; productRef = AC745E86279C5B1600D94CD9 /* Alamofire */; };
		AC745E8F279C661700D94CD9 /* LoadingVC.swift in Sources */ = {isa = PBXBuildFile; fileRef = AC745E8E279C661700D94CD9 /* LoadingVC.swift */; };
		AC745E92279C6A7300D94CD9 /* Characters.swift in Sources */ = {isa = PBXBuildFile; fileRef = AC745E91279C6A7300D94CD9 /* Characters.swift */; };
		AC745E94279C6B1700D94CD9 /* Character.swift in Sources */ = {isa = PBXBuildFile; fileRef = AC745E93279C6B1700D94CD9 /* Character.swift */; };
		AC745E96279C773900D94CD9 /* CharactersRequest.swift in Sources */ = {isa = PBXBuildFile; fileRef = AC745E95279C773900D94CD9 /* CharactersRequest.swift */; };
		AC745E99279C7C0900D94CD9 /* Data+Extension.swift in Sources */ = {isa = PBXBuildFile; fileRef = AC745E98279C7C0900D94CD9 /* Data+Extension.swift */; };
		AC745E9B279C84B400D94CD9 /* UIView+Extension.swift in Sources */ = {isa = PBXBuildFile; fileRef = AC745E9A279C84B400D94CD9 /* UIView+Extension.swift */; };
		AC745E9D279C857700D94CD9 /* LoadingManager.swift in Sources */ = {isa = PBXBuildFile; fileRef = AC745E9C279C857700D94CD9 /* LoadingManager.swift */; };
		AC745E9F279C8B1200D94CD9 /* CharacterCell.swift in Sources */ = {isa = PBXBuildFile; fileRef = AC745E9E279C8B1200D94CD9 /* CharacterCell.swift */; };
		AC745EA2279C8C8A00D94CD9 /* Kingfisher in Frameworks */ = {isa = PBXBuildFile; productRef = AC745EA1279C8C8A00D94CD9 /* Kingfisher */; };
		AC8FF791279C4DAE00D2D08A /* AppDelegate.swift in Sources */ = {isa = PBXBuildFile; fileRef = AC8FF790279C4DAE00D2D08A /* AppDelegate.swift */; };
		AC8FF793279C4DAE00D2D08A /* SceneDelegate.swift in Sources */ = {isa = PBXBuildFile; fileRef = AC8FF792279C4DAE00D2D08A /* SceneDelegate.swift */; };
		AC8FF795279C4DAE00D2D08A /* CharactersVC.swift in Sources */ = {isa = PBXBuildFile; fileRef = AC8FF794279C4DAE00D2D08A /* CharactersVC.swift */; };
		AC8FF798279C4DAE00D2D08A /* Main.storyboard in Resources */ = {isa = PBXBuildFile; fileRef = AC8FF796279C4DAE00D2D08A /* Main.storyboard */; };
		AC8FF79A279C4DB100D2D08A /* Assets.xcassets in Resources */ = {isa = PBXBuildFile; fileRef = AC8FF799279C4DB100D2D08A /* Assets.xcassets */; };
		AC8FF79D279C4DB100D2D08A /* LaunchScreen.storyboard in Resources */ = {isa = PBXBuildFile; fileRef = AC8FF79B279C4DB100D2D08A /* LaunchScreen.storyboard */; };
/* End PBXBuildFile section */

/* Begin PBXFileReference section */
		AC745E80279C53D800D94CD9 /* RestService.swift */ = {isa = PBXFileReference; lastKnownFileType = sourcecode.swift; path = RestService.swift; sourceTree = "<group>"; };
		AC745E83279C540400D94CD9 /* Constans.swift */ = {isa = PBXFileReference; lastKnownFileType = sourcecode.swift; path = Constans.swift; sourceTree = "<group>"; };
		AC745E8E279C661700D94CD9 /* LoadingVC.swift */ = {isa = PBXFileReference; lastKnownFileType = sourcecode.swift; path = LoadingVC.swift; sourceTree = "<group>"; };
		AC745E91279C6A7300D94CD9 /* Characters.swift */ = {isa = PBXFileReference; lastKnownFileType = sourcecode.swift; path = Characters.swift; sourceTree = "<group>"; };
		AC745E93279C6B1700D94CD9 /* Character.swift */ = {isa = PBXFileReference; lastKnownFileType = sourcecode.swift; path = Character.swift; sourceTree = "<group>"; };
		AC745E95279C773900D94CD9 /* CharactersRequest.swift */ = {isa = PBXFileReference; lastKnownFileType = sourcecode.swift; path = CharactersRequest.swift; sourceTree = "<group>"; };
		AC745E98279C7C0900D94CD9 /* Data+Extension.swift */ = {isa = PBXFileReference; lastKnownFileType = sourcecode.swift; path = "Data+Extension.swift"; sourceTree = "<group>"; };
		AC745E9A279C84B400D94CD9 /* UIView+Extension.swift */ = {isa = PBXFileReference; lastKnownFileType = sourcecode.swift; path = "UIView+Extension.swift"; sourceTree = "<group>"; };
		AC745E9C279C857700D94CD9 /* LoadingManager.swift */ = {isa = PBXFileReference; lastKnownFileType = sourcecode.swift; path = LoadingManager.swift; sourceTree = "<group>"; };
		AC745E9E279C8B1200D94CD9 /* CharacterCell.swift */ = {isa = PBXFileReference; lastKnownFileType = sourcecode.swift; path = CharacterCell.swift; sourceTree = "<group>"; };
		AC8FF78D279C4DAE00D2D08A /* MarvelBank.app */ = {isa = PBXFileReference; explicitFileType = wrapper.application; includeInIndex = 0; path = MarvelBank.app; sourceTree = BUILT_PRODUCTS_DIR; };
		AC8FF790279C4DAE00D2D08A /* AppDelegate.swift */ = {isa = PBXFileReference; lastKnownFileType = sourcecode.swift; path = AppDelegate.swift; sourceTree = "<group>"; };
		AC8FF792279C4DAE00D2D08A /* SceneDelegate.swift */ = {isa = PBXFileReference; lastKnownFileType = sourcecode.swift; path = SceneDelegate.swift; sourceTree = "<group>"; };
		AC8FF794279C4DAE00D2D08A /* CharactersVC.swift */ = {isa = PBXFileReference; lastKnownFileType = sourcecode.swift; path = CharactersVC.swift; sourceTree = "<group>"; };
		AC8FF797279C4DAE00D2D08A /* Base */ = {isa = PBXFileReference; lastKnownFileType = file.storyboard; name = Base; path = Base.lproj/Main.storyboard; sourceTree = "<group>"; };
		AC8FF799279C4DB100D2D08A /* Assets.xcassets */ = {isa = PBXFileReference; lastKnownFileType = folder.assetcatalog; path = Assets.xcassets; sourceTree = "<group>"; };
		AC8FF79C279C4DB100D2D08A /* Base */ = {isa = PBXFileReference; lastKnownFileType = file.storyboard; name = Base; path = Base.lproj/LaunchScreen.storyboard; sourceTree = "<group>"; };
		AC8FF79E279C4DB100D2D08A /* Info.plist */ = {isa = PBXFileReference; lastKnownFileType = text.plist.xml; path = Info.plist; sourceTree = "<group>"; };
/* End PBXFileReference section */

/* Begin PBXFrameworksBuildPhase section */
		AC8FF78A279C4DAE00D2D08A /* Frameworks */ = {
			isa = PBXFrameworksBuildPhase;
			buildActionMask = 2147483647;
			files = (
				AC745EA2279C8C8A00D94CD9 /* Kingfisher in Frameworks */,
				AC745E87279C5B1600D94CD9 /* Alamofire in Frameworks */,
			);
			runOnlyForDeploymentPostprocessing = 0;
		};
/* End PBXFrameworksBuildPhase section */

/* Begin PBXGroup section */
		AC745E7E279C4F1500D94CD9 /* VC */ = {
			isa = PBXGroup;
			children = (
				AC8FF794279C4DAE00D2D08A /* CharactersVC.swift */,
				AC745E8E279C661700D94CD9 /* LoadingVC.swift */,
				AC745E9E279C8B1200D94CD9 /* CharacterCell.swift */,
			);
			path = VC;
			sourceTree = "<group>";
		};
		AC745E7F279C526000D94CD9 /* Services */ = {
			isa = PBXGroup;
			children = (
				AC745E80279C53D800D94CD9 /* RestService.swift */,
			);
			path = Services;
			sourceTree = "<group>";
		};
		AC745E82279C53DC00D94CD9 /* Helpers */ = {
			isa = PBXGroup;
			children = (
				AC745E83279C540400D94CD9 /* Constans.swift */,
				AC745E9C279C857700D94CD9 /* LoadingManager.swift */,
			);
			path = Helpers;
			sourceTree = "<group>";
		};
		AC745E90279C6A5D00D94CD9 /* Models */ = {
			isa = PBXGroup;
			children = (
				AC745E95279C773900D94CD9 /* CharactersRequest.swift */,
				AC745E91279C6A7300D94CD9 /* Characters.swift */,
				AC745E93279C6B1700D94CD9 /* Character.swift */,
			);
			path = Models;
			sourceTree = "<group>";
		};
		AC745E97279C7BF800D94CD9 /* Extensions */ = {
			isa = PBXGroup;
			children = (
				AC745E98279C7C0900D94CD9 /* Data+Extension.swift */,
				AC745E9A279C84B400D94CD9 /* UIView+Extension.swift */,
			);
			path = Extensions;
			sourceTree = "<group>";
		};
		AC8FF784279C4DAE00D2D08A = {
			isa = PBXGroup;
			children = (
				AC8FF78F279C4DAE00D2D08A /* MarvelBank */,
				AC8FF78E279C4DAE00D2D08A /* Products */,
			);
			sourceTree = "<group>";
		};
		AC8FF78E279C4DAE00D2D08A /* Products */ = {
			isa = PBXGroup;
			children = (
				AC8FF78D279C4DAE00D2D08A /* MarvelBank.app */,
			);
			name = Products;
			sourceTree = "<group>";
		};
		AC8FF78F279C4DAE00D2D08A /* MarvelBank */ = {
			isa = PBXGroup;
			children = (
				AC8FF790279C4DAE00D2D08A /* AppDelegate.swift */,
				AC8FF792279C4DAE00D2D08A /* SceneDelegate.swift */,
				AC745E97279C7BF800D94CD9 /* Extensions */,
				AC745E90279C6A5D00D94CD9 /* Models */,
				AC745E82279C53DC00D94CD9 /* Helpers */,
				AC745E7F279C526000D94CD9 /* Services */,
				AC745E7E279C4F1500D94CD9 /* VC */,
				AC8FF7A5279C4E8300D2D08A /* UI */,
				AC8FF7A4279C4E7500D2D08A /* Assets  */,
				AC8FF79E279C4DB100D2D08A /* Info.plist */,
			);
			path = MarvelBank;
			sourceTree = "<group>";
		};
		AC8FF7A4279C4E7500D2D08A /* Assets  */ = {
			isa = PBXGroup;
			children = (
				AC8FF799279C4DB100D2D08A /* Assets.xcassets */,
			);
			path = "Assets ";
			sourceTree = "<group>";
		};
		AC8FF7A5279C4E8300D2D08A /* UI */ = {
			isa = PBXGroup;
			children = (
				AC8FF796279C4DAE00D2D08A /* Main.storyboard */,
				AC8FF79B279C4DB100D2D08A /* LaunchScreen.storyboard */,
			);
			path = UI;
			sourceTree = "<group>";
		};
/* End PBXGroup section */

/* Begin PBXNativeTarget section */
		AC8FF78C279C4DAE00D2D08A /* MarvelBank */ = {
			isa = PBXNativeTarget;
			buildConfigurationList = AC8FF7A1279C4DB100D2D08A /* Build configuration list for PBXNativeTarget "MarvelBank" */;
			buildPhases = (
				AC8FF789279C4DAE00D2D08A /* Sources */,
				AC8FF78A279C4DAE00D2D08A /* Frameworks */,
				AC8FF78B279C4DAE00D2D08A /* Resources */,
			);
			buildRules = (
			);
			dependencies = (
			);
			name = MarvelBank;
			packageProductDependencies = (
				AC745E86279C5B1600D94CD9 /* Alamofire */,
				AC745EA1279C8C8A00D94CD9 /* Kingfisher */,
			);
			productName = MarbelBank;
			productReference = AC8FF78D279C4DAE00D2D08A /* MarvelBank.app */;
			productType = "com.apple.product-type.application";
		};
/* End PBXNativeTarget section */

/* Begin PBXProject section */
		AC8FF785279C4DAE00D2D08A /* Project object */ = {
			isa = PBXProject;
			attributes = {
				BuildIndependentTargetsInParallel = 1;
				LastSwiftUpdateCheck = 1310;
				LastUpgradeCheck = 1310;
				TargetAttributes = {
					AC8FF78C279C4DAE00D2D08A = {
						CreatedOnToolsVersion = 13.1;
					};
				};
			};
			buildConfigurationList = AC8FF788279C4DAE00D2D08A /* Build configuration list for PBXProject "MarvelBank" */;
			compatibilityVersion = "Xcode 13.0";
			developmentRegion = en;
			hasScannedForEncodings = 0;
			knownRegions = (
				en,
				Base,
			);
			mainGroup = AC8FF784279C4DAE00D2D08A;
			packageReferences = (
				AC745E85279C5B1500D94CD9 /* XCRemoteSwiftPackageReference "Alamofire" */,
				AC745EA0279C8C8A00D94CD9 /* XCRemoteSwiftPackageReference "Kingfisher" */,
			);
			productRefGroup = AC8FF78E279C4DAE00D2D08A /* Products */;
			projectDirPath = "";
			projectRoot = "";
			targets = (
				AC8FF78C279C4DAE00D2D08A /* MarvelBank */,
			);
		};
/* End PBXProject section */

/* Begin PBXResourcesBuildPhase section */
		AC8FF78B279C4DAE00D2D08A /* Resources */ = {
			isa = PBXResourcesBuildPhase;
			buildActionMask = 2147483647;
			files = (
				AC8FF79D279C4DB100D2D08A /* LaunchScreen.storyboard in Resources */,
				AC8FF79A279C4DB100D2D08A /* Assets.xcassets in Resources */,
				AC8FF798279C4DAE00D2D08A /* Main.storyboard in Resources */,
			);
			runOnlyForDeploymentPostprocessing = 0;
		};
/* End PBXResourcesBuildPhase section */

/* Begin PBXSourcesBuildPhase section */
		AC8FF789279C4DAE00D2D08A /* Sources */ = {
			isa = PBXSourcesBuildPhase;
			buildActionMask = 2147483647;
			files = (
				AC745E9B279C84B400D94CD9 /* UIView+Extension.swift in Sources */,
				AC8FF795279C4DAE00D2D08A /* CharactersVC.swift in Sources */,
				AC8FF791279C4DAE00D2D08A /* AppDelegate.swift in Sources */,
				AC745E96279C773900D94CD9 /* CharactersRequest.swift in Sources */,
				AC745E92279C6A7300D94CD9 /* Characters.swift in Sources */,
				AC745E84279C540400D94CD9 /* Constans.swift in Sources */,
				AC8FF793279C4DAE00D2D08A /* SceneDelegate.swift in Sources */,
				AC745E81279C53D800D94CD9 /* RestService.swift in Sources */,
				AC745E9F279C8B1200D94CD9 /* CharacterCell.swift in Sources */,
				AC745E9D279C857700D94CD9 /* LoadingManager.swift in Sources */,
				AC745E99279C7C0900D94CD9 /* Data+Extension.swift in Sources */,
				AC745E8F279C661700D94CD9 /* LoadingVC.swift in Sources */,
				AC745E94279C6B1700D94CD9 /* Character.swift in Sources */,
			);
			runOnlyForDeploymentPostprocessing = 0;
		};
/* End PBXSourcesBuildPhase section */

/* Begin PBXVariantGroup section */
		AC8FF796279C4DAE00D2D08A /* Main.storyboard */ = {
			isa = PBXVariantGroup;
			children = (
				AC8FF797279C4DAE00D2D08A /* Base */,
			);
			name = Main.storyboard;
			sourceTree = "<group>";
		};
		AC8FF79B279C4DB100D2D08A /* LaunchScreen.storyboard */ = {
			isa = PBXVariantGroup;
			children = (
				AC8FF79C279C4DB100D2D08A /* Base */,
			);
			name = LaunchScreen.storyboard;
			sourceTree = "<group>";
		};
/* End PBXVariantGroup section */

/* Begin XCBuildConfiguration section */
		AC8FF79F279C4DB100D2D08A /* Debug */ = {
			isa = XCBuildConfiguration;
			buildSettings = {
				ALWAYS_SEARCH_USER_PATHS = NO;
				CLANG_ANALYZER_NONNULL = YES;
				CLANG_ANALYZER_NUMBER_OBJECT_CONVERSION = YES_AGGRESSIVE;
				CLANG_CXX_LANGUAGE_STANDARD = "gnu++17";
				CLANG_CXX_LIBRARY = "libc++";
				CLANG_ENABLE_MODULES = YES;
				CLANG_ENABLE_OBJC_ARC = YES;
				CLANG_ENABLE_OBJC_WEAK = YES;
				CLANG_WARN_BLOCK_CAPTURE_AUTORELEASING = YES;
				CLANG_WARN_BOOL_CONVERSION = YES;
				CLANG_WARN_COMMA = YES;
				CLANG_WARN_CONSTANT_CONVERSION = YES;
				CLANG_WARN_DEPRECATED_OBJC_IMPLEMENTATIONS = YES;
				CLANG_WARN_DIRECT_OBJC_ISA_USAGE = YES_ERROR;
				CLANG_WARN_DOCUMENTATION_COMMENTS = YES;
				CLANG_WARN_EMPTY_BODY = YES;
				CLANG_WARN_ENUM_CONVERSION = YES;
				CLANG_WARN_INFINITE_RECURSION = YES;
				CLANG_WARN_INT_CONVERSION = YES;
				CLANG_WARN_NON_LITERAL_NULL_CONVERSION = YES;
				CLANG_WARN_OBJC_IMPLICIT_RETAIN_SELF = YES;
				CLANG_WARN_OBJC_LITERAL_CONVERSION = YES;
				CLANG_WARN_OBJC_ROOT_CLASS = YES_ERROR;
				CLANG_WARN_QUOTED_INCLUDE_IN_FRAMEWORK_HEADER = YES;
				CLANG_WARN_RANGE_LOOP_ANALYSIS = YES;
				CLANG_WARN_STRICT_PROTOTYPES = YES;
				CLANG_WARN_SUSPICIOUS_MOVE = YES;
				CLANG_WARN_UNGUARDED_AVAILABILITY = YES_AGGRESSIVE;
				CLANG_WARN_UNREACHABLE_CODE = YES;
				CLANG_WARN__DUPLICATE_METHOD_MATCH = YES;
				COPY_PHASE_STRIP = NO;
				DEBUG_INFORMATION_FORMAT = dwarf;
				ENABLE_STRICT_OBJC_MSGSEND = YES;
				ENABLE_TESTABILITY = YES;
				GCC_C_LANGUAGE_STANDARD = gnu11;
				GCC_DYNAMIC_NO_PIC = NO;
				GCC_NO_COMMON_BLOCKS = YES;
				GCC_OPTIMIZATION_LEVEL = 0;
				GCC_PREPROCESSOR_DEFINITIONS = (
					"DEBUG=1",
					"$(inherited)",
				);
				GCC_WARN_64_TO_32_BIT_CONVERSION = YES;
				GCC_WARN_ABOUT_RETURN_TYPE = YES_ERROR;
				GCC_WARN_UNDECLARED_SELECTOR = YES;
				GCC_WARN_UNINITIALIZED_AUTOS = YES_AGGRESSIVE;
				GCC_WARN_UNUSED_FUNCTION = YES;
				GCC_WARN_UNUSED_VARIABLE = YES;
				IPHONEOS_DEPLOYMENT_TARGET = 15.0;
				MTL_ENABLE_DEBUG_INFO = INCLUDE_SOURCE;
				MTL_FAST_MATH = YES;
				ONLY_ACTIVE_ARCH = YES;
				SDKROOT = iphoneos;
				SWIFT_ACTIVE_COMPILATION_CONDITIONS = DEBUG;
				SWIFT_OPTIMIZATION_LEVEL = "-Onone";
			};
			name = Debug;
		};
		AC8FF7A0279C4DB100D2D08A /* Release */ = {
			isa = XCBuildConfiguration;
			buildSettings = {
				ALWAYS_SEARCH_USER_PATHS = NO;
				CLANG_ANALYZER_NONNULL = YES;
				CLANG_ANALYZER_NUMBER_OBJECT_CONVERSION = YES_AGGRESSIVE;
				CLANG_CXX_LANGUAGE_STANDARD = "gnu++17";
				CLANG_CXX_LIBRARY = "libc++";
				CLANG_ENABLE_MODULES = YES;
				CLANG_ENABLE_OBJC_ARC = YES;
				CLANG_ENABLE_OBJC_WEAK = YES;
				CLANG_WARN_BLOCK_CAPTURE_AUTORELEASING = YES;
				CLANG_WARN_BOOL_CONVERSION = YES;
				CLANG_WARN_COMMA = YES;
				CLANG_WARN_CONSTANT_CONVERSION = YES;
				CLANG_WARN_DEPRECATED_OBJC_IMPLEMENTATIONS = YES;
				CLANG_WARN_DIRECT_OBJC_ISA_USAGE = YES_ERROR;
				CLANG_WARN_DOCUMENTATION_COMMENTS = YES;
				CLANG_WARN_EMPTY_BODY = YES;
				CLANG_WARN_ENUM_CONVERSION = YES;
				CLANG_WARN_INFINITE_RECURSION = YES;
				CLANG_WARN_INT_CONVERSION = YES;
				CLANG_WARN_NON_LITERAL_NULL_CONVERSION = YES;
				CLANG_WARN_OBJC_IMPLICIT_RETAIN_SELF = YES;
				CLANG_WARN_OBJC_LITERAL_CONVERSION = YES;
				CLANG_WARN_OBJC_ROOT_CLASS = YES_ERROR;
				CLANG_WARN_QUOTED_INCLUDE_IN_FRAMEWORK_HEADER = YES;
				CLANG_WARN_RANGE_LOOP_ANALYSIS = YES;
				CLANG_WARN_STRICT_PROTOTYPES = YES;
				CLANG_WARN_SUSPICIOUS_MOVE = YES;
				CLANG_WARN_UNGUARDED_AVAILABILITY = YES_AGGRESSIVE;
				CLANG_WARN_UNREACHABLE_CODE = YES;
				CLANG_WARN__DUPLICATE_METHOD_MATCH = YES;
				COPY_PHASE_STRIP = NO;
				DEBUG_INFORMATION_FORMAT = "dwarf-with-dsym";
				ENABLE_NS_ASSERTIONS = NO;
				ENABLE_STRICT_OBJC_MSGSEND = YES;
				GCC_C_LANGUAGE_STANDARD = gnu11;
				GCC_NO_COMMON_BLOCKS = YES;
				GCC_WARN_64_TO_32_BIT_CONVERSION = YES;
				GCC_WARN_ABOUT_RETURN_TYPE = YES_ERROR;
				GCC_WARN_UNDECLARED_SELECTOR = YES;
				GCC_WARN_UNINITIALIZED_AUTOS = YES_AGGRESSIVE;
				GCC_WARN_UNUSED_FUNCTION = YES;
				GCC_WARN_UNUSED_VARIABLE = YES;
				IPHONEOS_DEPLOYMENT_TARGET = 15.0;
				MTL_ENABLE_DEBUG_INFO = NO;
				MTL_FAST_MATH = YES;
				SDKROOT = iphoneos;
				SWIFT_COMPILATION_MODE = wholemodule;
				SWIFT_OPTIMIZATION_LEVEL = "-O";
				VALIDATE_PRODUCT = YES;
			};
			name = Release;
		};
		AC8FF7A2279C4DB100D2D08A /* Debug */ = {
			isa = XCBuildConfiguration;
			buildSettings = {
				ASSETCATALOG_COMPILER_APPICON_NAME = AppIcon;
				ASSETCATALOG_COMPILER_GLOBAL_ACCENT_COLOR_NAME = AccentColor;
				CODE_SIGN_STYLE = Automatic;
				CURRENT_PROJECT_VERSION = 1;
				DEVELOPMENT_TEAM = Y969VJH9RB;
				GENERATE_INFOPLIST_FILE = YES;
				INFOPLIST_FILE = MarvelBank/Info.plist;
				INFOPLIST_KEY_UIApplicationSupportsIndirectInputEvents = YES;
				INFOPLIST_KEY_UILaunchStoryboardName = LaunchScreen;
				INFOPLIST_KEY_UIMainStoryboardFile = Main;
				INFOPLIST_KEY_UISupportedInterfaceOrientations = UIInterfaceOrientationPortrait;
				INFOPLIST_KEY_UISupportedInterfaceOrientations_iPad = "UIInterfaceOrientationPortrait UIInterfaceOrientationPortraitUpsideDown UIInterfaceOrientationLandscapeLeft UIInterfaceOrientationLandscapeRight";
				INFOPLIST_KEY_UISupportedInterfaceOrientations_iPhone = "UIInterfaceOrientationPortrait UIInterfaceOrientationLandscapeLeft UIInterfaceOrientationLandscapeRight";
				IPHONEOS_DEPLOYMENT_TARGET = 13.0;
				LD_RUNPATH_SEARCH_PATHS = (
					"$(inherited)",
					"@executable_path/Frameworks",
				);
				MARKETING_VERSION = 1.0;
				PRODUCT_BUNDLE_IDENTIFIER = gr.alberto.MarvelBank;
				PRODUCT_NAME = "$(TARGET_NAME)";
				SWIFT_EMIT_LOC_STRINGS = YES;
				SWIFT_VERSION = 5.0;
				TARGETED_DEVICE_FAMILY = 1;
			};
			name = Debug;
		};
		AC8FF7A3279C4DB100D2D08A /* Release */ = {
			isa = XCBuildConfiguration;
			buildSettings = {
				ASSETCATALOG_COMPILER_APPICON_NAME = AppIcon;
				ASSETCATALOG_COMPILER_GLOBAL_ACCENT_COLOR_NAME = AccentColor;
				CODE_SIGN_STYLE = Automatic;
				CURRENT_PROJECT_VERSION = 1;
				DEVELOPMENT_TEAM = Y969VJH9RB;
				GENERATE_INFOPLIST_FILE = YES;
				INFOPLIST_FILE = MarvelBank/Info.plist;
				INFOPLIST_KEY_UIApplicationSupportsIndirectInputEvents = YES;
				INFOPLIST_KEY_UILaunchStoryboardName = LaunchScreen;
				INFOPLIST_KEY_UIMainStoryboardFile = Main;
				INFOPLIST_KEY_UISupportedInterfaceOrientations = UIInterfaceOrientationPortrait;
				INFOPLIST_KEY_UISupportedInterfaceOrientations_iPad = "UIInterfaceOrientationPortrait UIInterfaceOrientationPortraitUpsideDown UIInterfaceOrientationLandscapeLeft UIInterfaceOrientationLandscapeRight";
				INFOPLIST_KEY_UISupportedInterfaceOrientations_iPhone = "UIInterfaceOrientationPortrait UIInterfaceOrientationLandscapeLeft UIInterfaceOrientationLandscapeRight";
				IPHONEOS_DEPLOYMENT_TARGET = 13.0;
				LD_RUNPATH_SEARCH_PATHS = (
					"$(inherited)",
					"@executable_path/Frameworks",
				);
				MARKETING_VERSION = 1.0;
				PRODUCT_BUNDLE_IDENTIFIER = gr.alberto.MarvelBank;
				PRODUCT_NAME = "$(TARGET_NAME)";
				SWIFT_EMIT_LOC_STRINGS = YES;
				SWIFT_VERSION = 5.0;
				TARGETED_DEVICE_FAMILY = 1;
			};
			name = Release;
		};
/* End XCBuildConfiguration section */

/* Begin XCConfigurationList section */
		AC8FF788279C4DAE00D2D08A /* Build configuration list for PBXProject "MarvelBank" */ = {
			isa = XCConfigurationList;
			buildConfigurations = (
				AC8FF79F279C4DB100D2D08A /* Debug */,
				AC8FF7A0279C4DB100D2D08A /* Release */,
			);
			defaultConfigurationIsVisible = 0;
			defaultConfigurationName = Release;
		};
		AC8FF7A1279C4DB100D2D08A /* Build configuration list for PBXNativeTarget "MarvelBank" */ = {
			isa = XCConfigurationList;
			buildConfigurations = (
				AC8FF7A2279C4DB100D2D08A /* Debug */,
				AC8FF7A3279C4DB100D2D08A /* Release */,
			);
			defaultConfigurationIsVisible = 0;
			defaultConfigurationName = Release;
		};
/* End XCConfigurationList section */

/* Begin XCRemoteSwiftPackageReference section */
		AC745E85279C5B1500D94CD9 /* XCRemoteSwiftPackageReference "Alamofire" */ = {
			isa = XCRemoteSwiftPackageReference;
			repositoryURL = "https://github.com/Alamofire/Alamofire";
			requirement = {
				kind = upToNextMajorVersion;
				minimumVersion = 5.0.0;
			};
		};
		AC745EA0279C8C8A00D94CD9 /* XCRemoteSwiftPackageReference "Kingfisher" */ = {
			isa = XCRemoteSwiftPackageReference;
			repositoryURL = "https://github.com/onevcat/Kingfisher";
			requirement = {
				branch = master;
				kind = branch;
			};
		};
/* End XCRemoteSwiftPackageReference section */

/* Begin XCSwiftPackageProductDependency section */
		AC745E86279C5B1600D94CD9 /* Alamofire */ = {
			isa = XCSwiftPackageProductDependency;
			package = AC745E85279C5B1500D94CD9 /* XCRemoteSwiftPackageReference "Alamofire" */;
			productName = Alamofire;
		};
		AC745EA1279C8C8A00D94CD9 /* Kingfisher */ = {
			isa = XCSwiftPackageProductDependency;
			package = AC745EA0279C8C8A00D94CD9 /* XCRemoteSwiftPackageReference "Kingfisher" */;
			productName = Kingfisher;
		};
/* End XCSwiftPackageProductDependency section */
	};
	rootObject = AC8FF785279C4DAE00D2D08A /* Project object */;
}
